
Microsoft Visual Studio Solution File, Format Version 12.00
# Visual Studio Express 2013 for Windows Desktop
VisualStudioVersion = 12.0.31101.0
MinimumVisualStudioVersion = 10.0.40219.1
Project("{FAE04EC0-301F-11D3-BF4B-00C04F79EFBC}") = "PrepGenHistData", "PrepGenHistData\PrepGenHistData.csproj", "{38AF193D-8416-4F85-93F1-276E53137B91}"
EndProject
Global
	GlobalSection(SolutionConfigurationPlatforms) = preSolution
		Debug|Any CPU = Debug|Any CPU
		Release|Any CPU = Release|Any CPU
	EndGlobalSection
	GlobalSection(ProjectConfigurationPlatforms) = postSolution
		{38AF193D-8416-4F85-93F1-276E53137B91}.Debug|Any CPU.ActiveCfg = Debug|Any CPU
		{38AF193D-8416-4F85-93F1-276E53137B91}.Debug|Any CPU.Build.0 = Debug|Any CPU
		{38AF193D-8416-4F85-93F1-276E53137B91}.Release|Any CPU.ActiveCfg = Release|Any CPU
		{38AF193D-8416-4F85-93F1-276E53137B91}.Release|Any CPU.Build.0 = Release|Any CPU
	EndGlobalSection
	GlobalSection(SolutionProperties) = preSolution
		HideSolutionNode = FALSE
	EndGlobalSection
EndGlobal
